<?xml version="1.0" encoding="utf-8"?>
<Project ToolsVersion="4.0" xmlns="http://schemas.microsoft.com/developer/msbuild/2003">
  <ItemGroup>
    <Filter Include="Source Files">
      <UniqueIdentifier>{4FC737F1-C7A5-4376-A066-2A32D752A2FF}</UniqueIdentifier>
      <Extensions>cpp;c;cc;cxx;def;odl;idl;hpj;bat;asm;asmx</Extensions>
    </Filter>
    <Filter Include="Header Files">
      <UniqueIdentifier>{93995380-89BD-4b04-88EB-625FBE52EBFB}</UniqueIdentifier>
      <Extensions>h;hh;hpp;hxx;hm;inl;inc;xsd</Extensions>
    </Filter>
    <Filter Include="Resource Files">
      <UniqueIdentifier>{D9D6E242-F8AF-46E4-B9FD-80ECBC20BA3E}</UniqueIdentifier>
      <Extensions>qrc;*</Extensions>
      <ParseFiles>false</ParseFiles>
    </Filter>
    <Filter Include="Form Files">
      <UniqueIdentifier>{99349809-55BA-4b9d-BF79-8FDBB0286EB3}</UniqueIdentifier>
      <Extensions>ui</Extensions>
    </Filter>
    <Filter Include="Resource Files">
      <UniqueIdentifier>{D9D6E242-F8AF-46E4-B9FD-80ECBC20BA3E}</UniqueIdentifier>
      <Extensions>qrc;*</Extensions>
      <ParseFiles>false</ParseFiles>
    </Filter>
    <Filter Include="Generated Files">
      <UniqueIdentifier>{71ED8ED8-ACB9-4CE9-BBE1-E00B30144E11}</UniqueIdentifier>
      <Extensions>moc;h;cpp</Extensions>
      <SourceControlFiles>False</SourceControlFiles>
    </Filter>
    <Filter Include="Generated Files\Debug">
      <UniqueIdentifier>{0b639011-84c7-428f-8a55-9a41be1cc4da}</UniqueIdentifier>
      <Extensions>cpp;moc</Extensions>
      <SourceControlFiles>False</SourceControlFiles>
    </Filter>
    <Filter Include="Generated Files\Release">
      <UniqueIdentifier>{d20ee533-9a85-42d7-aa0d-7f52b3463723}</UniqueIdentifier>
      <Extensions>cpp;moc</Extensions>
      <SourceControlFiles>False</SourceControlFiles>
    </Filter>
  </ItemGroup>
  <ItemGroup>
    <ClCompile Include="main.cpp">
      <Filter>Source Files</Filter>
    </ClCompile>
    <ClCompile Include="DocManagement.cpp">
      <Filter>Source Files</Filter>
    </ClCompile>
    <ClCompile Include="GeneratedFiles\Debug\moc_DocManagement.cpp">
      <Filter>Generated Files\Debug</Filter>
    </ClCompile>
    <ClCompile Include="GeneratedFiles\Release\moc_DocManagement.cpp">
      <Filter>Generated Files\Release</Filter>
    </ClCompile>
    <ClCompile Include="GeneratedFiles\qrc_DocManagement.cpp">
      <Filter>Generated Files</Filter>
    </ClCompile>
    <ClCompile Include="BatchEditName.cpp">
      <Filter>Source Files</Filter>
    </ClCompile>
    <ClCompile Include="DataBaseLinkDialog.cpp">
      <Filter>Source Files</Filter>
    </ClCompile>
    <ClCompile Include="CustomTabStyle.cpp">
      <Filter>Source Files</Filter>
    </ClCompile>
    <ClCompile Include="DocDisp.cpp">
      <Filter>Source Files</Filter>
    </ClCompile>
    <ClCompile Include="FileManager.cpp">
      <Filter>Source Files</Filter>
    </ClCompile>
    <ClCompile Include="MItemModel.cpp">
      <Filter>Source Files</Filter>
    </ClCompile>
    <ClCompile Include="NewDlg.cpp">
      <Filter>Source Files</Filter>
    </ClCompile>
    <ClCompile Include="DispRemarks.cpp">
      <Filter>Source Files</Filter>
    </ClCompile>
    <ClCompile Include="ExportDlg.cpp">
      <Filter>Source Files</Filter>
    </ClCompile>
    <ClCompile Include="QQuestWindowControl.cpp">
      <Filter>Source Files</Filter>
    </ClCompile>
    <ClCompile Include="QuestionNewDlg.cpp">
      <Filter>Source Files</Filter>
    </ClCompile>
    <ClCompile Include="QuestionDlg.cpp">
      <Filter>Source Files</Filter>
    </ClCompile>
    <ClCompile Include="QuestionBrowseDlg.cpp">
      <Filter>Source Files</Filter>
    </ClCompile>
    <ClCompile Include="ImageWidget.cpp">
      <Filter>Source Files</Filter>
    </ClCompile>
    <ClCompile Include="ImageWindowWidget.cpp">
      <Filter>Source Files</Filter>
    </ClCompile>
    <ClCompile Include="ResizeWnd.cpp">
      <Filter>Source Files</Filter>
    </ClCompile>
    <ClCompile Include="SetWndNum.cpp">
      <Filter>Source Files</Filter>
    </ClCompile>
    <ClCompile Include="Utils.cpp">
      <Filter>Source Files</Filter>
    </ClCompile>
    <ClCompile Include="ImageToolDlg.cpp">
      <Filter>Source Files</Filter>
    </ClCompile>
    <ClCompile Include="ImageToolDlgControl.cpp">
      <Filter>Source Files</Filter>
    </ClCompile>
    <ClCompile Include="MsgBackupWindowControl.cpp">
      <Filter>Source Files</Filter>
    </ClCompile>
    <ClCompile Include="MsgBackupWindow.cpp">
      <Filter>Source Files</Filter>
    </ClCompile>
    <ClCompile Include="MsgNewWindow.cpp">
      <Filter>Source Files</Filter>
    </ClCompile>
    <ClCompile Include="MsgBrowseDlg.cpp">
      <Filter>Source Files</Filter>
    </ClCompile>
  </ItemGroup>
  <ItemGroup>
    <CustomBuild Include="DocManagement.h">
      <Filter>Header Files</Filter>
    </CustomBuild>
    <CustomBuild Include="DocManagement.ui">
      <Filter>Form Files</Filter>
    </CustomBuild>
    <CustomBuild Include="DocManagement.qrc">
      <Filter>Resource Files</Filter>
    </CustomBuild>
  </ItemGroup>
  <ItemGroup>
    <ClInclude Include="GeneratedFiles\ui_DocManagement.h">
      <Filter>Generated Files</Filter>
    </ClInclude>
    <ClInclude Include="GeneratedFiles\ui_BatchEditFileName.h">
      <Filter>Generated Files</Filter>
    </ClInclude>
    <ClInclude Include="GeneratedFiles\ui_DataBaseLink.h">
      <Filter>Generated Files</Filter>
    </ClInclude>
    <ClInclude Include="resource.h">
      <Filter>Header Files</Filter>
    </ClInclude>
    <ClInclude Include="CustomTabStyle.h">
      <Filter>Header Files</Filter>
    </ClInclude>
    <ClInclude Include="GeneratedFiles\ui_DocDisp.h">
      <Filter>Generated Files</Filter>
    </ClInclude>
    <ClInclude Include="DocDisp.h">
      <Filter>Header Files</Filter>
    </ClInclude>
    <ClInclude Include="FileManager.h">
      <Filter>Header Files</Filter>
    </ClInclude>
    <ClInclude Include="GeneratedFiles\ui_FileManager.h">
      <Filter>Generated Files</Filter>
    </ClInclude>
    <ClInclude Include="MItemModel.h">
      <Filter>Header Files</Filter>
    </ClInclude>
    <ClInclude Include="GeneratedFiles\ui_NewDlg.h">
      <Filter>Generated Files</Filter>
    </ClInclude>
    <ClInclude Include="GeneratedFiles\ui_DispRemarks.h">
      <Filter>Generated Files</Filter>
    </ClInclude>
    <ClInclude Include="GeneratedFiles\ui_ExportDlg.h">
      <Filter>Generated Files</Filter>
    </ClInclude>
    <ClInclude Include="GeneratedFiles\ui_QuestionWindow.h">
      <Filter>Generated Files</Filter>
    </ClInclude>
    <ClInclude Include="QQuestWindowControl.h">
      <Filter>Header Files</Filter>
    </ClInclude>
    <ClInclude Include="QuestionWindowVirtualBase.h">
      <Filter>Header Files</Filter>
    </ClInclude>
    <ClInclude Include="GeneratedFiles\ui_QuestionNew.h">
      <Filter>Generated Files</Filter>
    </ClInclude>
    <ClInclude Include="QuestionDlg.h">
      <Filter>Header Files</Filter>
    </ClInclude>
    <ClInclude Include="GeneratedFiles\ui_QuestionBrowse.h">
      <Filter>Generated Files</Filter>
    </ClInclude>
    <ClInclude Include="ImageToolWindowVirtualBase.h">
      <Filter>Header Files</Filter>
    </ClInclude>
    <ClInclude Include="GeneratedFiles\ui_ResizeWindow.h">
      <Filter>Generated Files</Filter>
    </ClInclude>
    <ClInclude Include="GeneratedFiles\ui_SetWndNum.h">
      <Filter>Generated Files</Filter>
    </ClInclude>
    <ClInclude Include="Utils.h">
      <Filter>Header Files</Filter>
    </ClInclude>
    <ClInclude Include="GeneratedFiles\ui_ImageToolDlg.h">
      <Filter>Generated Files</Filter>
    </ClInclude>
    <ClInclude Include="ImageToolDlg.h">
      <Filter>Header Files</Filter>
    </ClInclude>
    <ClInclude Include="ImageToolDlgControl.h">
      <Filter>Header Files</Filter>
    </ClInclude>
    <ClInclude Include="MsgBackupWindowControl.h">
      <Filter>Header Files</Filter>
    </ClInclude>
    <ClInclude Include="GeneratedFiles\ui_MsgBrowse.h">
      <Filter>Generated Files</Filter>
    </ClInclude>
    <ClInclude Include="GeneratedFiles\ui_MsgNew.h">
      <Filter>Generated Files</Filter>
    </ClInclude>
    <ClInclude Include="GeneratedFiles\ui_MsgBackupWindow.h">
      <Filter>Generated Files</Filter>
    </ClInclude>
    <ClInclude Include="MsgBackupWindowVirtualBase.h">
      <Filter>Header Files</Filter>
    </ClInclude>
  </ItemGroup>
  <ItemGroup>
    <QtUic Include="BatchEditFileName.ui">
      <Filter>Form Files</Filter>
    </QtUic>
    <QtUic Include="DataBaseLink.ui">
      <Filter>Form Files</Filter>
    </QtUic>
    <QtUic Include="DocDisp.ui">
      <Filter>Form Files</Filter>
    </QtUic>
    <QtUic Include="FileManager.ui">
      <Filter>Form Files</Filter>
    </QtUic>
    <QtUic Include="NewDlg.ui">
      <Filter>Form Files</Filter>
    </QtUic>
    <QtUic Include="DispRemarks.ui">
      <Filter>Form Files</Filter>
    </QtUic>
    <QtUic Include="QuestionWindow.ui">
      <Filter>Form Files</Filter>
    </QtUic>
    <QtUic Include="ExportDlg.ui">
      <Filter>Form Files</Filter>
    </QtUic>
    <QtUic Include="QuestionNew.ui">
      <Filter>Form Files</Filter>
    </QtUic>
    <QtUic Include="QuestionBrowse.ui">
      <Filter>Form Files</Filter>
    </QtUic>
    <QtUic Include="SetWndNum.ui">
      <Filter>Form Files</Filter>
    </QtUic>
    <QtUic Include="ResizeWindow.ui">
      <Filter>Form Files</Filter>
    </QtUic>
    <QtUic Include="ImageToolDlg.ui">
      <Filter>Form Files</Filter>
    </QtUic>
    <QtUic Include="MsgBackupWindow.ui">
      <Filter>Form Files</Filter>
    </QtUic>
    <QtUic Include="MsgBrowse.ui">
      <Filter>Form Files</Filter>
    </QtUic>
    <QtUic Include="MsgNew.ui">
      <Filter>Form Files</Filter>
    </QtUic>
  </ItemGroup>
  <ItemGroup>
    <QtMoc Include="BatchEditName.h">
      <Filter>Header Files</Filter>
    </QtMoc>
    <QtMoc Include="DataBaseLinkDialog.h">
      <Filter>Header Files</Filter>
    </QtMoc>
    <QtMoc Include="NewDlg.h">
      <Filter>Header Files</Filter>
    </QtMoc>
    <QtMoc Include="DispRemarks.h">
      <Filter>Header Files</Filter>
    </QtMoc>
    <QtMoc Include="ExportDlg.h">
      <Filter>Header Files</Filter>
    </QtMoc>
    <QtMoc Include="QuestionNewDlg.h">
      <Filter>Header Files</Filter>
    </QtMoc>
    <QtMoc Include="QuestionBrowseDlg.h">
      <Filter>Header Files</Filter>
    </QtMoc>
    <QtMoc Include="SetWndNum.h">
      <Filter>Header Files</Filter>
    </QtMoc>
    <QtMoc Include="ResizeWnd.h">
      <Filter>Header Files</Filter>
    </QtMoc>
    <QtMoc Include="ImageWindowWidget.h">
      <Filter>Header Files</Filter>
    </QtMoc>
    <QtMoc Include="ImageWidget.h">
      <Filter>Header Files</Filter>
    </QtMoc>
    <QtMoc Include="MsgBackupWindow.h">
      <Filter>Header Files</Filter>
    </QtMoc>
    <QtMoc Include="MsgNewWindow.h">
      <Filter>Header Files</Filter>
    </QtMoc>
    <QtMoc Include="MsgBrowseDlg.h">
      <Filter>Header Files</Filter>
    </QtMoc>
  </ItemGroup>
  <ItemGroup>
    <ResourceCompile Include="Resource.rc" />
  </ItemGroup>
  <ItemGroup>
    <Image Include="myapp.ico" />
    <Image Include="image\myapp.ico">
      <Filter>Resource Files</Filter>
    </Image>
  </ItemGroup>
  <ItemGroup>
    <QtRcc Include="resource.qrc">
      <Filter>Resource Files</Filter>
    </QtRcc>
  </ItemGroup>
</Project>